
Microsoft Visual Studio Solution File, Format Version 12.00
# Visual Studio Version 17
VisualStudioVersion = 17.13.35913.81 d17.13
MinimumVisualStudioVersion = 10.0.40219.1
Project("{F184B08F-C81C-45F6-A57F-5ABD9991F28F}") = "Kick Spot Field Booking System", "Kick Spot Field Booking System\Kick Spot Field Booking System.vbproj", "{3E6F8246-7548-4298-B4BE-0929E582101A}"
EndProject
Global
	GlobalSection(SolutionConfigurationPlatforms) = preSolution
		Debug|Any CPU = Debug|Any CPU
		Release|Any CPU = Release|Any CPU
	EndGlobalSection
	GlobalSection(ProjectConfigurationPlatforms) = postSolution
		{3E6F8246-7548-4298-B4BE-0929E582101A}.Debug|Any CPU.ActiveCfg = Debug|Any CPU
		{3E6F8246-7548-4298-B4BE-0929E582101A}.Debug|Any CPU.Build.0 = Debug|Any CPU
		{3E6F8246-7548-4298-B4BE-0929E582101A}.Release|Any CPU.ActiveCfg = Release|Any CPU
		{3E6F8246-7548-4298-B4BE-0929E582101A}.Release|Any CPU.Build.0 = Release|Any CPU
	EndGlobalSection
	GlobalSection(SolutionProperties) = preSolution
		HideSolutionNode = FALSE
	EndGlobalSection
	GlobalSection(ExtensibilityGlobals) = postSolution
		SolutionGuid = {42CF43B8-E735-43E4-8D0E-535462969475}
	EndGlobalSection
EndGlobal
